
Microsoft Visual Studio Solution File, Format Version 12.00
# Visual Studio Version 17
VisualStudioVersion = 17.4.33213.308
MinimumVisualStudioVersion = 10.0.40219.1
Project("{9A19103F-16F7-4668-BE54-9A1E7A4F7556}") = "McTours", "McTours\McTours.csproj", "{5444ED55-C1B6-4F92-AB50-2DB44AE98F95}"
EndProject
Project("{9A19103F-16F7-4668-BE54-9A1E7A4F7556}") = "McTours.DataAccess", "McTours.DataAccess\McTours.DataAccess.csproj", "{6590EA99-0BD9-4006-B19A-85E371EF9A72}"
EndProject
Project("{9A19103F-16F7-4668-BE54-9A1E7A4F7556}") = "McTours.Business", "McTours.Business\McTours.Business.csproj", "{EF57FCBF-FF04-4DDC-9B27-F56D3C99B06D}"
EndProject
Project("{9A19103F-16F7-4668-BE54-9A1E7A4F7556}") = "McTours.WebApp", "McTours.WebApp\McTours.WebApp.csproj", "{FBB271A4-4967-43C8-8992-CCA63529F2D6}"
EndProject
Project("{9A19103F-16F7-4668-BE54-9A1E7A4F7556}") = "McTours.Domain", "McTours.Domain\McTours.Domain.csproj", "{C38D9009-A07C-40A2-90D9-CFA2DC6D8B78}"
EndProject
Project("{2150E333-8FDC-42A3-9474-1A3956D46DE8}") = "00-Cros Cutting", "00-Cros Cutting", "{2BCA2D6A-A597-46EC-9730-820A81CE0A00}"
EndProject
Project("{2150E333-8FDC-42A3-9474-1A3956D46DE8}") = "01-Data", "01-Data", "{E263EF6F-12BE-4BC0-B1DE-39C866253E91}"
EndProject
Project("{2150E333-8FDC-42A3-9474-1A3956D46DE8}") = "02-Business", "02-Business", "{06DCA8A7-7893-418C-A75B-B7E34F63A2FB}"
EndProject
Project("{2150E333-8FDC-42A3-9474-1A3956D46DE8}") = "03- UserInterface", "03- UserInterface", "{60D12F0B-83A5-4166-BB28-024C96DBFDD1}"
EndProject
Global
	GlobalSection(SolutionConfigurationPlatforms) = preSolution
		Debug|Any CPU = Debug|Any CPU
		Release|Any CPU = Release|Any CPU
	EndGlobalSection
	GlobalSection(ProjectConfigurationPlatforms) = postSolution
		{5444ED55-C1B6-4F92-AB50-2DB44AE98F95}.Debug|Any CPU.ActiveCfg = Debug|Any CPU
		{5444ED55-C1B6-4F92-AB50-2DB44AE98F95}.Debug|Any CPU.Build.0 = Debug|Any CPU
		{5444ED55-C1B6-4F92-AB50-2DB44AE98F95}.Release|Any CPU.ActiveCfg = Release|Any CPU
		{5444ED55-C1B6-4F92-AB50-2DB44AE98F95}.Release|Any CPU.Build.0 = Release|Any CPU
		{6590EA99-0BD9-4006-B19A-85E371EF9A72}.Debug|Any CPU.ActiveCfg = Debug|Any CPU
		{6590EA99-0BD9-4006-B19A-85E371EF9A72}.Debug|Any CPU.Build.0 = Debug|Any CPU
		{6590EA99-0BD9-4006-B19A-85E371EF9A72}.Release|Any CPU.ActiveCfg = Release|Any CPU
		{6590EA99-0BD9-4006-B19A-85E371EF9A72}.Release|Any CPU.Build.0 = Release|Any CPU
		{EF57FCBF-FF04-4DDC-9B27-F56D3C99B06D}.Debug|Any CPU.ActiveCfg = Debug|Any CPU
		{EF57FCBF-FF04-4DDC-9B27-F56D3C99B06D}.Debug|Any CPU.Build.0 = Debug|Any CPU
		{EF57FCBF-FF04-4DDC-9B27-F56D3C99B06D}.Release|Any CPU.ActiveCfg = Release|Any CPU
		{EF57FCBF-FF04-4DDC-9B27-F56D3C99B06D}.Release|Any CPU.Build.0 = Release|Any CPU
		{FBB271A4-4967-43C8-8992-CCA63529F2D6}.Debug|Any CPU.ActiveCfg = Debug|Any CPU
		{FBB271A4-4967-43C8-8992-CCA63529F2D6}.Debug|Any CPU.Build.0 = Debug|Any CPU
		{FBB271A4-4967-43C8-8992-CCA63529F2D6}.Release|Any CPU.ActiveCfg = Release|Any CPU
		{FBB271A4-4967-43C8-8992-CCA63529F2D6}.Release|Any CPU.Build.0 = Release|Any CPU
		{C38D9009-A07C-40A2-90D9-CFA2DC6D8B78}.Debug|Any CPU.ActiveCfg = Debug|Any CPU
		{C38D9009-A07C-40A2-90D9-CFA2DC6D8B78}.Debug|Any CPU.Build.0 = Debug|Any CPU
		{C38D9009-A07C-40A2-90D9-CFA2DC6D8B78}.Release|Any CPU.ActiveCfg = Release|Any CPU
		{C38D9009-A07C-40A2-90D9-CFA2DC6D8B78}.Release|Any CPU.Build.0 = Release|Any CPU
	EndGlobalSection
	GlobalSection(SolutionProperties) = preSolution
		HideSolutionNode = FALSE
	EndGlobalSection
	GlobalSection(NestedProjects) = preSolution
		{5444ED55-C1B6-4F92-AB50-2DB44AE98F95} = {2BCA2D6A-A597-46EC-9730-820A81CE0A00}
		{6590EA99-0BD9-4006-B19A-85E371EF9A72} = {E263EF6F-12BE-4BC0-B1DE-39C866253E91}
		{EF57FCBF-FF04-4DDC-9B27-F56D3C99B06D} = {06DCA8A7-7893-418C-A75B-B7E34F63A2FB}
		{FBB271A4-4967-43C8-8992-CCA63529F2D6} = {60D12F0B-83A5-4166-BB28-024C96DBFDD1}
		{C38D9009-A07C-40A2-90D9-CFA2DC6D8B78} = {06DCA8A7-7893-418C-A75B-B7E34F63A2FB}
	EndGlobalSection
	GlobalSection(ExtensibilityGlobals) = postSolution
		SolutionGuid = {BCBAC925-2FEA-44C9-8D8D-1FE9E9C24F47}
	EndGlobalSection
EndGlobal
